
Microsoft Visual Studio Solution File, Format Version 12.00
# Visual Studio Version 17
VisualStudioVersion = 17.4.33205.214
MinimumVisualStudioVersion = 10.0.40219.1
Project("{2150E333-8FDC-42A3-9474-1A3956D46DE8}") = "Services", "Services", "{1BED5DA4-5411-4185-862E-75319613FDC6}"
EndProject
Project("{2150E333-8FDC-42A3-9474-1A3956D46DE8}") = "Catalog", "Catalog", "{06089597-91C3-4A01-B3A0-4BAE58233930}"
EndProject
Project("{9A19103F-16F7-4668-BE54-9A1E7A4F7556}") = "Catalog.API", "Services\Catalog\Catalog.API\Catalog.API.csproj", "{E080415D-D433-4A7F-A8BC-E6D0F16E9A68}"
EndProject
Project("{E53339B2-1760-4266-BCC7-CA923CBCF16C}") = "docker-compose", "docker-compose.dcproj", "{437CB48A-7998-42AA-BEA9-3F62C9CDFCE8}"
EndProject
Project("{2150E333-8FDC-42A3-9474-1A3956D46DE8}") = "Basket", "Basket", "{6B6A3C81-8C5A-43CB-B2A0-97D695900249}"
EndProject
Project("{FAE04EC0-301F-11D3-BF4B-00C04F79EFBC}") = "Basket.API", "..\Services\Basket\Basket.API\Basket.API.csproj", "{60CE6620-D49F-4BF5-B45B-25FA29EE4B62}"
EndProject
Global
	GlobalSection(SolutionConfigurationPlatforms) = preSolution
		Debug|Any CPU = Debug|Any CPU
		Release|Any CPU = Release|Any CPU
	EndGlobalSection
	GlobalSection(ProjectConfigurationPlatforms) = postSolution
		{E080415D-D433-4A7F-A8BC-E6D0F16E9A68}.Debug|Any CPU.ActiveCfg = Debug|Any CPU
		{E080415D-D433-4A7F-A8BC-E6D0F16E9A68}.Debug|Any CPU.Build.0 = Debug|Any CPU
		{E080415D-D433-4A7F-A8BC-E6D0F16E9A68}.Release|Any CPU.ActiveCfg = Release|Any CPU
		{E080415D-D433-4A7F-A8BC-E6D0F16E9A68}.Release|Any CPU.Build.0 = Release|Any CPU
		{437CB48A-7998-42AA-BEA9-3F62C9CDFCE8}.Debug|Any CPU.ActiveCfg = Debug|Any CPU
		{437CB48A-7998-42AA-BEA9-3F62C9CDFCE8}.Debug|Any CPU.Build.0 = Debug|Any CPU
		{437CB48A-7998-42AA-BEA9-3F62C9CDFCE8}.Release|Any CPU.ActiveCfg = Release|Any CPU
		{437CB48A-7998-42AA-BEA9-3F62C9CDFCE8}.Release|Any CPU.Build.0 = Release|Any CPU
		{60CE6620-D49F-4BF5-B45B-25FA29EE4B62}.Debug|Any CPU.ActiveCfg = Debug|Any CPU
		{60CE6620-D49F-4BF5-B45B-25FA29EE4B62}.Debug|Any CPU.Build.0 = Debug|Any CPU
		{60CE6620-D49F-4BF5-B45B-25FA29EE4B62}.Release|Any CPU.ActiveCfg = Release|Any CPU
		{60CE6620-D49F-4BF5-B45B-25FA29EE4B62}.Release|Any CPU.Build.0 = Release|Any CPU
	EndGlobalSection
	GlobalSection(SolutionProperties) = preSolution
		HideSolutionNode = FALSE
	EndGlobalSection
	GlobalSection(NestedProjects) = preSolution
		{06089597-91C3-4A01-B3A0-4BAE58233930} = {1BED5DA4-5411-4185-862E-75319613FDC6}
		{E080415D-D433-4A7F-A8BC-E6D0F16E9A68} = {06089597-91C3-4A01-B3A0-4BAE58233930}
		{6B6A3C81-8C5A-43CB-B2A0-97D695900249} = {1BED5DA4-5411-4185-862E-75319613FDC6}
		{60CE6620-D49F-4BF5-B45B-25FA29EE4B62} = {6B6A3C81-8C5A-43CB-B2A0-97D695900249}
	EndGlobalSection
	GlobalSection(ExtensibilityGlobals) = postSolution
		SolutionGuid = {69EF316B-A9EF-495F-ADE3-E3CCDEEB239F}
	EndGlobalSection
EndGlobal
