
Microsoft Visual Studio Solution File, Format Version 12.00
# Visual Studio Version 17
VisualStudioVersion = 17.4.33205.214
MinimumVisualStudioVersion = 10.0.40219.1
Project("{2150E333-8FDC-42A3-9474-1A3956D46DE8}") = "Services", "Services", "{1BED5DA4-5411-4185-862E-75319613FDC6}"
EndProject
Project("{2150E333-8FDC-42A3-9474-1A3956D46DE8}") = "Catalog", "Catalog", "{06089597-91C3-4A01-B3A0-4BAE58233930}"
EndProject
Project("{9A19103F-16F7-4668-BE54-9A1E7A4F7556}") = "Catalog.API", "Services\Catalog\Catalog.API\Catalog.API.csproj", "{E080415D-D433-4A7F-A8BC-E6D0F16E9A68}"
EndProject
Project("{E53339B2-1760-4266-BCC7-CA923CBCF16C}") = "docker-compose", "docker-compose.dcproj", "{437CB48A-7998-42AA-BEA9-3F62C9CDFCE8}"
EndProject
Project("{2150E333-8FDC-42A3-9474-1A3956D46DE8}") = "Basket", "Basket", "{69E70821-6C92-4C61-807C-A79AA703109F}"
EndProject
Project("{9A19103F-16F7-4668-BE54-9A1E7A4F7556}") = "Basket.API", "Services\Basket\Basket.API\Basket.API.csproj", "{6769F4AA-3248-442A-9042-1D2D17582461}"
EndProject
Project("{2150E333-8FDC-42A3-9474-1A3956D46DE8}") = "Discount", "Discount", "{8E209E41-5FCC-40D6-96C9-1A697D5092A5}"
EndProject
Project("{9A19103F-16F7-4668-BE54-9A1E7A4F7556}") = "Discount.API", "Services\Discount\Discount.API\Discount.API.csproj", "{668C2E5B-0136-4C1C-BADB-A70CF19F2711}"
EndProject
Project("{9A19103F-16F7-4668-BE54-9A1E7A4F7556}") = "Discount.Grpc", "Services\Discount\Discount.Grpc\Discount.Grpc.csproj", "{46C652F1-F583-4605-ABF1-30986971B0DB}"
EndProject
Project("{2150E333-8FDC-42A3-9474-1A3956D46DE8}") = "Ordering", "Ordering", "{17A60844-63A1-4CB3-91F4-1376D76C8925}"
EndProject
Project("{9A19103F-16F7-4668-BE54-9A1E7A4F7556}") = "Ordering.API", "Services\Ordering\Ordering.API\Ordering.API.csproj", "{820AB528-C115-4AC0-A747-5002F6DB6728}"
EndProject
Project("{FAE04EC0-301F-11D3-BF4B-00C04F79EFBC}") = "Ordering.Domain", "Services\Ordering\Ordering.Domain\Ordering.Domain.csproj", "{572FA1CA-31E6-4851-8B3B-1FDA295E82EF}"
EndProject
Project("{FAE04EC0-301F-11D3-BF4B-00C04F79EFBC}") = "Ordering.Application", "Services\Ordering\Ordering.Application\Ordering.Application.csproj", "{9546458E-EAEC-4D03-8F44-5EABA3A7C287}"
EndProject
Project("{FAE04EC0-301F-11D3-BF4B-00C04F79EFBC}") = "Ordering.Infrastructure", "Services\Ordering\Ordering.Infrastructure\Ordering.Infrastructure.csproj", "{6937D644-E1C7-4E45-BF5E-5393F9580ED0}"
EndProject
Global
	GlobalSection(SolutionConfigurationPlatforms) = preSolution
		Debug|Any CPU = Debug|Any CPU
		Release|Any CPU = Release|Any CPU
	EndGlobalSection
	GlobalSection(ProjectConfigurationPlatforms) = postSolution
		{E080415D-D433-4A7F-A8BC-E6D0F16E9A68}.Debug|Any CPU.ActiveCfg = Debug|Any CPU
		{E080415D-D433-4A7F-A8BC-E6D0F16E9A68}.Debug|Any CPU.Build.0 = Debug|Any CPU
		{E080415D-D433-4A7F-A8BC-E6D0F16E9A68}.Release|Any CPU.ActiveCfg = Release|Any CPU
		{E080415D-D433-4A7F-A8BC-E6D0F16E9A68}.Release|Any CPU.Build.0 = Release|Any CPU
		{437CB48A-7998-42AA-BEA9-3F62C9CDFCE8}.Debug|Any CPU.ActiveCfg = Debug|Any CPU
		{437CB48A-7998-42AA-BEA9-3F62C9CDFCE8}.Debug|Any CPU.Build.0 = Debug|Any CPU
		{437CB48A-7998-42AA-BEA9-3F62C9CDFCE8}.Release|Any CPU.ActiveCfg = Release|Any CPU
		{437CB48A-7998-42AA-BEA9-3F62C9CDFCE8}.Release|Any CPU.Build.0 = Release|Any CPU
		{6769F4AA-3248-442A-9042-1D2D17582461}.Debug|Any CPU.ActiveCfg = Debug|Any CPU
		{6769F4AA-3248-442A-9042-1D2D17582461}.Debug|Any CPU.Build.0 = Debug|Any CPU
		{6769F4AA-3248-442A-9042-1D2D17582461}.Release|Any CPU.ActiveCfg = Release|Any CPU
		{6769F4AA-3248-442A-9042-1D2D17582461}.Release|Any CPU.Build.0 = Release|Any CPU
		{668C2E5B-0136-4C1C-BADB-A70CF19F2711}.Debug|Any CPU.ActiveCfg = Debug|Any CPU
		{668C2E5B-0136-4C1C-BADB-A70CF19F2711}.Debug|Any CPU.Build.0 = Debug|Any CPU
		{668C2E5B-0136-4C1C-BADB-A70CF19F2711}.Release|Any CPU.ActiveCfg = Release|Any CPU
		{668C2E5B-0136-4C1C-BADB-A70CF19F2711}.Release|Any CPU.Build.0 = Release|Any CPU
		{46C652F1-F583-4605-ABF1-30986971B0DB}.Debug|Any CPU.ActiveCfg = Debug|Any CPU
		{46C652F1-F583-4605-ABF1-30986971B0DB}.Debug|Any CPU.Build.0 = Debug|Any CPU
		{46C652F1-F583-4605-ABF1-30986971B0DB}.Release|Any CPU.ActiveCfg = Release|Any CPU
		{46C652F1-F583-4605-ABF1-30986971B0DB}.Release|Any CPU.Build.0 = Release|Any CPU
		{820AB528-C115-4AC0-A747-5002F6DB6728}.Debug|Any CPU.ActiveCfg = Debug|Any CPU
		{820AB528-C115-4AC0-A747-5002F6DB6728}.Debug|Any CPU.Build.0 = Debug|Any CPU
		{820AB528-C115-4AC0-A747-5002F6DB6728}.Release|Any CPU.ActiveCfg = Release|Any CPU
		{820AB528-C115-4AC0-A747-5002F6DB6728}.Release|Any CPU.Build.0 = Release|Any CPU
		{572FA1CA-31E6-4851-8B3B-1FDA295E82EF}.Debug|Any CPU.ActiveCfg = Debug|Any CPU
		{572FA1CA-31E6-4851-8B3B-1FDA295E82EF}.Debug|Any CPU.Build.0 = Debug|Any CPU
		{572FA1CA-31E6-4851-8B3B-1FDA295E82EF}.Release|Any CPU.ActiveCfg = Release|Any CPU
		{572FA1CA-31E6-4851-8B3B-1FDA295E82EF}.Release|Any CPU.Build.0 = Release|Any CPU
		{9546458E-EAEC-4D03-8F44-5EABA3A7C287}.Debug|Any CPU.ActiveCfg = Debug|Any CPU
		{9546458E-EAEC-4D03-8F44-5EABA3A7C287}.Debug|Any CPU.Build.0 = Debug|Any CPU
		{9546458E-EAEC-4D03-8F44-5EABA3A7C287}.Release|Any CPU.ActiveCfg = Release|Any CPU
		{9546458E-EAEC-4D03-8F44-5EABA3A7C287}.Release|Any CPU.Build.0 = Release|Any CPU
		{6937D644-E1C7-4E45-BF5E-5393F9580ED0}.Debug|Any CPU.ActiveCfg = Debug|Any CPU
		{6937D644-E1C7-4E45-BF5E-5393F9580ED0}.Debug|Any CPU.Build.0 = Debug|Any CPU
		{6937D644-E1C7-4E45-BF5E-5393F9580ED0}.Release|Any CPU.ActiveCfg = Release|Any CPU
		{6937D644-E1C7-4E45-BF5E-5393F9580ED0}.Release|Any CPU.Build.0 = Release|Any CPU
	EndGlobalSection
	GlobalSection(SolutionProperties) = preSolution
		HideSolutionNode = FALSE
	EndGlobalSection
	GlobalSection(NestedProjects) = preSolution
		{06089597-91C3-4A01-B3A0-4BAE58233930} = {1BED5DA4-5411-4185-862E-75319613FDC6}
		{E080415D-D433-4A7F-A8BC-E6D0F16E9A68} = {06089597-91C3-4A01-B3A0-4BAE58233930}
		{69E70821-6C92-4C61-807C-A79AA703109F} = {1BED5DA4-5411-4185-862E-75319613FDC6}
		{6769F4AA-3248-442A-9042-1D2D17582461} = {69E70821-6C92-4C61-807C-A79AA703109F}
		{8E209E41-5FCC-40D6-96C9-1A697D5092A5} = {1BED5DA4-5411-4185-862E-75319613FDC6}
		{668C2E5B-0136-4C1C-BADB-A70CF19F2711} = {8E209E41-5FCC-40D6-96C9-1A697D5092A5}
		{46C652F1-F583-4605-ABF1-30986971B0DB} = {8E209E41-5FCC-40D6-96C9-1A697D5092A5}
		{17A60844-63A1-4CB3-91F4-1376D76C8925} = {1BED5DA4-5411-4185-862E-75319613FDC6}
		{820AB528-C115-4AC0-A747-5002F6DB6728} = {17A60844-63A1-4CB3-91F4-1376D76C8925}
		{572FA1CA-31E6-4851-8B3B-1FDA295E82EF} = {17A60844-63A1-4CB3-91F4-1376D76C8925}
		{9546458E-EAEC-4D03-8F44-5EABA3A7C287} = {17A60844-63A1-4CB3-91F4-1376D76C8925}
		{6937D644-E1C7-4E45-BF5E-5393F9580ED0} = {17A60844-63A1-4CB3-91F4-1376D76C8925}
	EndGlobalSection
	GlobalSection(ExtensibilityGlobals) = postSolution
		SolutionGuid = {69EF316B-A9EF-495F-ADE3-E3CCDEEB239F}
	EndGlobalSection
EndGlobal
